
Microsoft Visual Studio Solution File, Format Version 12.00
# Visual Studio Version 16
VisualStudioVersion = 16.0.30114.105
MinimumVisualStudioVersion = 10.0.40219.1
Project("{9A19103F-16F7-4668-BE54-9A1E7A4F7556}") = "TimerDemo", "TimerDemo\TimerDemo.csproj", "{0CEED90B-9075-436F-B967-43CE16F01060}"
EndProject
Project("{FAE04EC0-301F-11D3-BF4B-00C04F79EFBC}") = "Walter.Timers", "Walter.Timers\Walter.Timers.csproj", "{870A39D8-059D-4685-8756-935AE6305D3E}"
EndProject
Global
	GlobalSection(SolutionConfigurationPlatforms) = preSolution
		Debug|Any CPU = Debug|Any CPU
		Debug|x86 = Debug|x86
		Release|Any CPU = Release|Any CPU
		Release|x86 = Release|x86
	EndGlobalSection
	GlobalSection(ProjectConfigurationPlatforms) = postSolution
		{0CEED90B-9075-436F-B967-43CE16F01060}.Debug|Any CPU.ActiveCfg = Debug|Any CPU
		{0CEED90B-9075-436F-B967-43CE16F01060}.Debug|Any CPU.Build.0 = Debug|Any CPU
		{0CEED90B-9075-436F-B967-43CE16F01060}.Debug|x86.ActiveCfg = Debug|Any CPU
		{0CEED90B-9075-436F-B967-43CE16F01060}.Debug|x86.Build.0 = Debug|Any CPU
		{0CEED90B-9075-436F-B967-43CE16F01060}.Release|Any CPU.ActiveCfg = Release|Any CPU
		{0CEED90B-9075-436F-B967-43CE16F01060}.Release|Any CPU.Build.0 = Release|Any CPU
		{0CEED90B-9075-436F-B967-43CE16F01060}.Release|x86.ActiveCfg = Release|Any CPU
		{0CEED90B-9075-436F-B967-43CE16F01060}.Release|x86.Build.0 = Release|Any CPU
		{870A39D8-059D-4685-8756-935AE6305D3E}.Debug|Any CPU.ActiveCfg = Debug|Any CPU
		{870A39D8-059D-4685-8756-935AE6305D3E}.Debug|Any CPU.Build.0 = Debug|Any CPU
		{870A39D8-059D-4685-8756-935AE6305D3E}.Debug|x86.ActiveCfg = Debug|Any CPU
		{870A39D8-059D-4685-8756-935AE6305D3E}.Debug|x86.Build.0 = Debug|Any CPU
		{870A39D8-059D-4685-8756-935AE6305D3E}.Release|Any CPU.ActiveCfg = Release|Any CPU
		{870A39D8-059D-4685-8756-935AE6305D3E}.Release|Any CPU.Build.0 = Release|Any CPU
		{870A39D8-059D-4685-8756-935AE6305D3E}.Release|x86.ActiveCfg = Release|Any CPU
		{870A39D8-059D-4685-8756-935AE6305D3E}.Release|x86.Build.0 = Release|Any CPU
	EndGlobalSection
	GlobalSection(SolutionProperties) = preSolution
		HideSolutionNode = FALSE
	EndGlobalSection
	GlobalSection(ExtensibilityGlobals) = postSolution
		SolutionGuid = {7750CC95-1BE1-4FDA-98C0-B9845AB270EF}
	EndGlobalSection
EndGlobal
